
Microsoft Visual Studio Solution File, Format Version 12.00
# Visual Studio 15
VisualStudioVersion = 15.0.28307.168
MinimumVisualStudioVersion = 10.0.40219.1
Project("{FAE04EC0-301F-11D3-BF4B-00C04F79EFBC}") = "ExampleGame", "ExampleGame\ExampleGame.csproj", "{5308B515-9AA8-4AC0-85C6-FCC3EC346DA9}"
EndProject
Global
	GlobalSection(SolutionConfigurationPlatforms) = preSolution
		Debug|Any CPU = Debug|Any CPU
		Release|Any CPU = Release|Any CPU
	EndGlobalSection
	GlobalSection(ProjectConfigurationPlatforms) = postSolution
		{5308B515-9AA8-4AC0-85C6-FCC3EC346DA9}.Debug|Any CPU.ActiveCfg = Debug|Any CPU
		{5308B515-9AA8-4AC0-85C6-FCC3EC346DA9}.Debug|Any CPU.Build.0 = Debug|Any CPU
		{5308B515-9AA8-4AC0-85C6-FCC3EC346DA9}.Release|Any CPU.ActiveCfg = Release|Any CPU
		{5308B515-9AA8-4AC0-85C6-FCC3EC346DA9}.Release|Any CPU.Build.0 = Release|Any CPU
	EndGlobalSection
	GlobalSection(SolutionProperties) = preSolution
		HideSolutionNode = FALSE
	EndGlobalSection
	GlobalSection(ExtensibilityGlobals) = postSolution
		SolutionGuid = {C940BCFF-206E-4190-B302-E43258FE2920}
	EndGlobalSection
EndGlobal
